
Microsoft Visual Studio Solution File, Format Version 12.00
# Visual Studio Version 17
VisualStudioVersion = 17.2.32526.322
MinimumVisualStudioVersion = 10.0.40219.1
Project("{9A19103F-16F7-4668-BE54-9A1E7A4F7556}") = "Blazor", "Blazor\Blazor.csproj", "{DC209829-C1CD-4F4D-8299-3ECFE9A2A9DC}"
EndProject
Project("{9A19103F-16F7-4668-BE54-9A1E7A4F7556}") = "Modelos", "Modelos\Modelos.csproj", "{0F6724C4-130F-4C9B-8252-871B262496CF}"
EndProject
Project("{9A19103F-16F7-4668-BE54-9A1E7A4F7556}") = "Datos", "Datos\Datos.csproj", "{43BE6DE3-236C-4AAD-82B2-47085900F1E1}"
EndProject
Global
	GlobalSection(SolutionConfigurationPlatforms) = preSolution
		Debug|Any CPU = Debug|Any CPU
		Release|Any CPU = Release|Any CPU
	EndGlobalSection
	GlobalSection(ProjectConfigurationPlatforms) = postSolution
		{DC209829-C1CD-4F4D-8299-3ECFE9A2A9DC}.Debug|Any CPU.ActiveCfg = Debug|Any CPU
		{DC209829-C1CD-4F4D-8299-3ECFE9A2A9DC}.Debug|Any CPU.Build.0 = Debug|Any CPU
		{DC209829-C1CD-4F4D-8299-3ECFE9A2A9DC}.Release|Any CPU.ActiveCfg = Release|Any CPU
		{DC209829-C1CD-4F4D-8299-3ECFE9A2A9DC}.Release|Any CPU.Build.0 = Release|Any CPU
		{0F6724C4-130F-4C9B-8252-871B262496CF}.Debug|Any CPU.ActiveCfg = Debug|Any CPU
		{0F6724C4-130F-4C9B-8252-871B262496CF}.Debug|Any CPU.Build.0 = Debug|Any CPU
		{0F6724C4-130F-4C9B-8252-871B262496CF}.Release|Any CPU.ActiveCfg = Release|Any CPU
		{0F6724C4-130F-4C9B-8252-871B262496CF}.Release|Any CPU.Build.0 = Release|Any CPU
		{43BE6DE3-236C-4AAD-82B2-47085900F1E1}.Debug|Any CPU.ActiveCfg = Debug|Any CPU
		{43BE6DE3-236C-4AAD-82B2-47085900F1E1}.Debug|Any CPU.Build.0 = Debug|Any CPU
		{43BE6DE3-236C-4AAD-82B2-47085900F1E1}.Release|Any CPU.ActiveCfg = Release|Any CPU
		{43BE6DE3-236C-4AAD-82B2-47085900F1E1}.Release|Any CPU.Build.0 = Release|Any CPU
	EndGlobalSection
	GlobalSection(SolutionProperties) = preSolution
		HideSolutionNode = FALSE
	EndGlobalSection
	GlobalSection(ExtensibilityGlobals) = postSolution
		SolutionGuid = {1B452D7D-5D4F-4826-B25F-281FF294E55F}
	EndGlobalSection
EndGlobal
